
Microsoft Visual Studio Solution File, Format Version 12.00
# Visual Studio Version 16
VisualStudioVersion = 16.0.31321.278
MinimumVisualStudioVersion = 10.0.40219.1
Project("{9A19103F-16F7-4668-BE54-9A1E7A4F7556}") = "SimpleFactoryPattern", "SimpleFactoryPattern\SimpleFactoryPattern.csproj", "{A3DBF59B-C2FA-4B8D-B97B-3540604F15B1}"
EndProject
Project("{9A19103F-16F7-4668-BE54-9A1E7A4F7556}") = "FactoryMethodPattern", "FactoryMethodPattern\FactoryMethodPattern.csproj", "{17AF1F1F-8DCC-4B3A-A2E7-C5C1F5E96692}"
EndProject
Project("{9A19103F-16F7-4668-BE54-9A1E7A4F7556}") = "AbstractFactoryPattern", "AbstractFactoryPattern\AbstractFactoryPattern.csproj", "{81298859-DBBF-4E04-A733-1EBA63B1B07B}"
EndProject
Project("{9A19103F-16F7-4668-BE54-9A1E7A4F7556}") = "BuilderPattern", "BuilderPattern\BuilderPattern.csproj", "{DE46BC1D-0AE4-46BF-8700-A03FC63929D6}"
EndProject
Project("{FAE04EC0-301F-11D3-BF4B-00C04F79EFBC}") = "PrototypePattern", "PrototypePattern\PrototypePattern.csproj", "{009A9CCC-F895-41CE-B691-0F59ED724181}"
EndProject
Project("{FAE04EC0-301F-11D3-BF4B-00C04F79EFBC}") = "SingletonPattern", "SingletonPattern\SingletonPattern.csproj", "{EB521001-707C-4172-A59A-1E00DA1117B6}"
EndProject
Project("{FAE04EC0-301F-11D3-BF4B-00C04F79EFBC}") = "AdapterPattern", "AdapterPattern\AdapterPattern.csproj", "{6C0721F2-A570-47FD-837A-B6B07CEB6718}"
EndProject
Global
	GlobalSection(SolutionConfigurationPlatforms) = preSolution
		Debug|Any CPU = Debug|Any CPU
		Release|Any CPU = Release|Any CPU
	EndGlobalSection
	GlobalSection(ProjectConfigurationPlatforms) = postSolution
		{A3DBF59B-C2FA-4B8D-B97B-3540604F15B1}.Debug|Any CPU.ActiveCfg = Debug|Any CPU
		{A3DBF59B-C2FA-4B8D-B97B-3540604F15B1}.Debug|Any CPU.Build.0 = Debug|Any CPU
		{A3DBF59B-C2FA-4B8D-B97B-3540604F15B1}.Release|Any CPU.ActiveCfg = Release|Any CPU
		{A3DBF59B-C2FA-4B8D-B97B-3540604F15B1}.Release|Any CPU.Build.0 = Release|Any CPU
		{17AF1F1F-8DCC-4B3A-A2E7-C5C1F5E96692}.Debug|Any CPU.ActiveCfg = Debug|Any CPU
		{17AF1F1F-8DCC-4B3A-A2E7-C5C1F5E96692}.Debug|Any CPU.Build.0 = Debug|Any CPU
		{17AF1F1F-8DCC-4B3A-A2E7-C5C1F5E96692}.Release|Any CPU.ActiveCfg = Release|Any CPU
		{17AF1F1F-8DCC-4B3A-A2E7-C5C1F5E96692}.Release|Any CPU.Build.0 = Release|Any CPU
		{81298859-DBBF-4E04-A733-1EBA63B1B07B}.Debug|Any CPU.ActiveCfg = Debug|Any CPU
		{81298859-DBBF-4E04-A733-1EBA63B1B07B}.Debug|Any CPU.Build.0 = Debug|Any CPU
		{81298859-DBBF-4E04-A733-1EBA63B1B07B}.Release|Any CPU.ActiveCfg = Release|Any CPU
		{81298859-DBBF-4E04-A733-1EBA63B1B07B}.Release|Any CPU.Build.0 = Release|Any CPU
		{DE46BC1D-0AE4-46BF-8700-A03FC63929D6}.Debug|Any CPU.ActiveCfg = Debug|Any CPU
		{DE46BC1D-0AE4-46BF-8700-A03FC63929D6}.Debug|Any CPU.Build.0 = Debug|Any CPU
		{DE46BC1D-0AE4-46BF-8700-A03FC63929D6}.Release|Any CPU.ActiveCfg = Release|Any CPU
		{DE46BC1D-0AE4-46BF-8700-A03FC63929D6}.Release|Any CPU.Build.0 = Release|Any CPU
		{009A9CCC-F895-41CE-B691-0F59ED724181}.Debug|Any CPU.ActiveCfg = Debug|Any CPU
		{009A9CCC-F895-41CE-B691-0F59ED724181}.Debug|Any CPU.Build.0 = Debug|Any CPU
		{009A9CCC-F895-41CE-B691-0F59ED724181}.Release|Any CPU.ActiveCfg = Release|Any CPU
		{009A9CCC-F895-41CE-B691-0F59ED724181}.Release|Any CPU.Build.0 = Release|Any CPU
		{EB521001-707C-4172-A59A-1E00DA1117B6}.Debug|Any CPU.ActiveCfg = Debug|Any CPU
		{EB521001-707C-4172-A59A-1E00DA1117B6}.Debug|Any CPU.Build.0 = Debug|Any CPU
		{EB521001-707C-4172-A59A-1E00DA1117B6}.Release|Any CPU.ActiveCfg = Release|Any CPU
		{EB521001-707C-4172-A59A-1E00DA1117B6}.Release|Any CPU.Build.0 = Release|Any CPU
		{6C0721F2-A570-47FD-837A-B6B07CEB6718}.Debug|Any CPU.ActiveCfg = Debug|Any CPU
		{6C0721F2-A570-47FD-837A-B6B07CEB6718}.Debug|Any CPU.Build.0 = Debug|Any CPU
		{6C0721F2-A570-47FD-837A-B6B07CEB6718}.Release|Any CPU.ActiveCfg = Release|Any CPU
		{6C0721F2-A570-47FD-837A-B6B07CEB6718}.Release|Any CPU.Build.0 = Release|Any CPU
	EndGlobalSection
	GlobalSection(SolutionProperties) = preSolution
		HideSolutionNode = FALSE
	EndGlobalSection
	GlobalSection(ExtensibilityGlobals) = postSolution
		SolutionGuid = {596F503A-DDC5-456A-AC12-C43649C3AB76}
	EndGlobalSection
EndGlobal
