
Microsoft Visual Studio Solution File, Format Version 12.00
# Visual Studio Version 16
VisualStudioVersion = 16.0.31321.278
MinimumVisualStudioVersion = 10.0.40219.1
Project("{9A19103F-16F7-4668-BE54-9A1E7A4F7556}") = "SimpleFactoryPattern", "SimpleFactoryPattern\SimpleFactoryPattern.csproj", "{A3DBF59B-C2FA-4B8D-B97B-3540604F15B1}"
EndProject
Project("{9A19103F-16F7-4668-BE54-9A1E7A4F7556}") = "FactoryMethodPattern", "FactoryMethodPattern\FactoryMethodPattern.csproj", "{17AF1F1F-8DCC-4B3A-A2E7-C5C1F5E96692}"
EndProject
Project("{9A19103F-16F7-4668-BE54-9A1E7A4F7556}") = "AbstractFactoryPattern", "AbstractFactoryPattern\AbstractFactoryPattern.csproj", "{81298859-DBBF-4E04-A733-1EBA63B1B07B}"
EndProject
Project("{9A19103F-16F7-4668-BE54-9A1E7A4F7556}") = "BuilderPattern", "BuilderPattern\BuilderPattern.csproj", "{DE46BC1D-0AE4-46BF-8700-A03FC63929D6}"
EndProject
Project("{9A19103F-16F7-4668-BE54-9A1E7A4F7556}") = "PrototypePattern", "PrototypePattern\PrototypePattern.csproj", "{009A9CCC-F895-41CE-B691-0F59ED724181}"
EndProject
Project("{9A19103F-16F7-4668-BE54-9A1E7A4F7556}") = "SingletonPattern", "SingletonPattern\SingletonPattern.csproj", "{EB521001-707C-4172-A59A-1E00DA1117B6}"
EndProject
Project("{9A19103F-16F7-4668-BE54-9A1E7A4F7556}") = "AdapterPattern", "AdapterPattern\AdapterPattern.csproj", "{6C0721F2-A570-47FD-837A-B6B07CEB6718}"
EndProject
Project("{9A19103F-16F7-4668-BE54-9A1E7A4F7556}") = "BridgePattern", "BridgePattern\BridgePattern.csproj", "{BA39B263-AC1F-4C63-B363-99AE46562605}"
EndProject
Project("{9A19103F-16F7-4668-BE54-9A1E7A4F7556}") = "CompositPattern", "CompositPattern\CompositPattern.csproj", "{73883AB6-7443-40B2-AE2E-C702CAAFD8AC}"
EndProject
Project("{9A19103F-16F7-4668-BE54-9A1E7A4F7556}") = "DecoratorPattern", "DecoratorPattern\DecoratorPattern.csproj", "{5B8AB3BF-6CB6-410C-9C49-DD36D2E0C718}"
EndProject
Project("{9A19103F-16F7-4668-BE54-9A1E7A4F7556}") = "FacadePattern", "FacadePattern\FacadePattern.csproj", "{21F08353-9193-49A2-B502-D70E1742C7D6}"
EndProject
Project("{9A19103F-16F7-4668-BE54-9A1E7A4F7556}") = "FlyweightPattern", "FlyweightPattern\FlyweightPattern.csproj", "{88526369-75C3-4798-ADDA-231A9C805C82}"
EndProject
Project("{9A19103F-16F7-4668-BE54-9A1E7A4F7556}") = "ProxyPattern", "ProxyPattern\ProxyPattern.csproj", "{1D7A4C64-3BF0-4FC8-B185-E738E2A7F27A}"
EndProject
Project("{FAE04EC0-301F-11D3-BF4B-00C04F79EFBC}") = "ChainOfResponsibilityPattern", "ChainOfResponsibilityPattern\ChainOfResponsibilityPattern.csproj", "{2D6E26DB-74AC-4B70-AA87-7F46EA8B3F31}"
EndProject
Project("{FAE04EC0-301F-11D3-BF4B-00C04F79EFBC}") = "CommandPattern", "CommandPattern\CommandPattern.csproj", "{AB4AAD9F-0875-4875-B730-51C2013C2697}"
EndProject
Project("{FAE04EC0-301F-11D3-BF4B-00C04F79EFBC}") = "InterpreterPattern", "InterpreterPattern\InterpreterPattern.csproj", "{7FDB2933-78EB-423E-8E13-8E03AA5C2E06}"
EndProject
Project("{FAE04EC0-301F-11D3-BF4B-00C04F79EFBC}") = "IteratorPattern", "IteratorPattern\IteratorPattern.csproj", "{200F0CBD-32F6-4E58-BB89-61C086AFE9E6}"
EndProject
Project("{FAE04EC0-301F-11D3-BF4B-00C04F79EFBC}") = "MediatorPattern", "MediatorPattern\MediatorPattern.csproj", "{C9BC19FE-24B5-46F9-BAE4-AC1FB5BC6D83}"
EndProject
Global
	GlobalSection(SolutionConfigurationPlatforms) = preSolution
		Debug|Any CPU = Debug|Any CPU
		Release|Any CPU = Release|Any CPU
	EndGlobalSection
	GlobalSection(ProjectConfigurationPlatforms) = postSolution
		{A3DBF59B-C2FA-4B8D-B97B-3540604F15B1}.Debug|Any CPU.ActiveCfg = Debug|Any CPU
		{A3DBF59B-C2FA-4B8D-B97B-3540604F15B1}.Debug|Any CPU.Build.0 = Debug|Any CPU
		{A3DBF59B-C2FA-4B8D-B97B-3540604F15B1}.Release|Any CPU.ActiveCfg = Release|Any CPU
		{A3DBF59B-C2FA-4B8D-B97B-3540604F15B1}.Release|Any CPU.Build.0 = Release|Any CPU
		{17AF1F1F-8DCC-4B3A-A2E7-C5C1F5E96692}.Debug|Any CPU.ActiveCfg = Debug|Any CPU
		{17AF1F1F-8DCC-4B3A-A2E7-C5C1F5E96692}.Debug|Any CPU.Build.0 = Debug|Any CPU
		{17AF1F1F-8DCC-4B3A-A2E7-C5C1F5E96692}.Release|Any CPU.ActiveCfg = Release|Any CPU
		{17AF1F1F-8DCC-4B3A-A2E7-C5C1F5E96692}.Release|Any CPU.Build.0 = Release|Any CPU
		{81298859-DBBF-4E04-A733-1EBA63B1B07B}.Debug|Any CPU.ActiveCfg = Debug|Any CPU
		{81298859-DBBF-4E04-A733-1EBA63B1B07B}.Debug|Any CPU.Build.0 = Debug|Any CPU
		{81298859-DBBF-4E04-A733-1EBA63B1B07B}.Release|Any CPU.ActiveCfg = Release|Any CPU
		{81298859-DBBF-4E04-A733-1EBA63B1B07B}.Release|Any CPU.Build.0 = Release|Any CPU
		{DE46BC1D-0AE4-46BF-8700-A03FC63929D6}.Debug|Any CPU.ActiveCfg = Debug|Any CPU
		{DE46BC1D-0AE4-46BF-8700-A03FC63929D6}.Debug|Any CPU.Build.0 = Debug|Any CPU
		{DE46BC1D-0AE4-46BF-8700-A03FC63929D6}.Release|Any CPU.ActiveCfg = Release|Any CPU
		{DE46BC1D-0AE4-46BF-8700-A03FC63929D6}.Release|Any CPU.Build.0 = Release|Any CPU
		{009A9CCC-F895-41CE-B691-0F59ED724181}.Debug|Any CPU.ActiveCfg = Debug|Any CPU
		{009A9CCC-F895-41CE-B691-0F59ED724181}.Debug|Any CPU.Build.0 = Debug|Any CPU
		{009A9CCC-F895-41CE-B691-0F59ED724181}.Release|Any CPU.ActiveCfg = Release|Any CPU
		{009A9CCC-F895-41CE-B691-0F59ED724181}.Release|Any CPU.Build.0 = Release|Any CPU
		{EB521001-707C-4172-A59A-1E00DA1117B6}.Debug|Any CPU.ActiveCfg = Debug|Any CPU
		{EB521001-707C-4172-A59A-1E00DA1117B6}.Debug|Any CPU.Build.0 = Debug|Any CPU
		{EB521001-707C-4172-A59A-1E00DA1117B6}.Release|Any CPU.ActiveCfg = Release|Any CPU
		{EB521001-707C-4172-A59A-1E00DA1117B6}.Release|Any CPU.Build.0 = Release|Any CPU
		{6C0721F2-A570-47FD-837A-B6B07CEB6718}.Debug|Any CPU.ActiveCfg = Debug|Any CPU
		{6C0721F2-A570-47FD-837A-B6B07CEB6718}.Debug|Any CPU.Build.0 = Debug|Any CPU
		{6C0721F2-A570-47FD-837A-B6B07CEB6718}.Release|Any CPU.ActiveCfg = Release|Any CPU
		{6C0721F2-A570-47FD-837A-B6B07CEB6718}.Release|Any CPU.Build.0 = Release|Any CPU
		{BA39B263-AC1F-4C63-B363-99AE46562605}.Debug|Any CPU.ActiveCfg = Debug|Any CPU
		{BA39B263-AC1F-4C63-B363-99AE46562605}.Debug|Any CPU.Build.0 = Debug|Any CPU
		{BA39B263-AC1F-4C63-B363-99AE46562605}.Release|Any CPU.ActiveCfg = Release|Any CPU
		{BA39B263-AC1F-4C63-B363-99AE46562605}.Release|Any CPU.Build.0 = Release|Any CPU
		{73883AB6-7443-40B2-AE2E-C702CAAFD8AC}.Debug|Any CPU.ActiveCfg = Debug|Any CPU
		{73883AB6-7443-40B2-AE2E-C702CAAFD8AC}.Debug|Any CPU.Build.0 = Debug|Any CPU
		{73883AB6-7443-40B2-AE2E-C702CAAFD8AC}.Release|Any CPU.ActiveCfg = Release|Any CPU
		{73883AB6-7443-40B2-AE2E-C702CAAFD8AC}.Release|Any CPU.Build.0 = Release|Any CPU
		{5B8AB3BF-6CB6-410C-9C49-DD36D2E0C718}.Debug|Any CPU.ActiveCfg = Debug|Any CPU
		{5B8AB3BF-6CB6-410C-9C49-DD36D2E0C718}.Debug|Any CPU.Build.0 = Debug|Any CPU
		{5B8AB3BF-6CB6-410C-9C49-DD36D2E0C718}.Release|Any CPU.ActiveCfg = Release|Any CPU
		{5B8AB3BF-6CB6-410C-9C49-DD36D2E0C718}.Release|Any CPU.Build.0 = Release|Any CPU
		{21F08353-9193-49A2-B502-D70E1742C7D6}.Debug|Any CPU.ActiveCfg = Debug|Any CPU
		{21F08353-9193-49A2-B502-D70E1742C7D6}.Debug|Any CPU.Build.0 = Debug|Any CPU
		{21F08353-9193-49A2-B502-D70E1742C7D6}.Release|Any CPU.ActiveCfg = Release|Any CPU
		{21F08353-9193-49A2-B502-D70E1742C7D6}.Release|Any CPU.Build.0 = Release|Any CPU
		{88526369-75C3-4798-ADDA-231A9C805C82}.Debug|Any CPU.ActiveCfg = Debug|Any CPU
		{88526369-75C3-4798-ADDA-231A9C805C82}.Debug|Any CPU.Build.0 = Debug|Any CPU
		{88526369-75C3-4798-ADDA-231A9C805C82}.Release|Any CPU.ActiveCfg = Release|Any CPU
		{88526369-75C3-4798-ADDA-231A9C805C82}.Release|Any CPU.Build.0 = Release|Any CPU
		{1D7A4C64-3BF0-4FC8-B185-E738E2A7F27A}.Debug|Any CPU.ActiveCfg = Debug|Any CPU
		{1D7A4C64-3BF0-4FC8-B185-E738E2A7F27A}.Debug|Any CPU.Build.0 = Debug|Any CPU
		{1D7A4C64-3BF0-4FC8-B185-E738E2A7F27A}.Release|Any CPU.ActiveCfg = Release|Any CPU
		{1D7A4C64-3BF0-4FC8-B185-E738E2A7F27A}.Release|Any CPU.Build.0 = Release|Any CPU
		{2D6E26DB-74AC-4B70-AA87-7F46EA8B3F31}.Debug|Any CPU.ActiveCfg = Debug|Any CPU
		{2D6E26DB-74AC-4B70-AA87-7F46EA8B3F31}.Debug|Any CPU.Build.0 = Debug|Any CPU
		{2D6E26DB-74AC-4B70-AA87-7F46EA8B3F31}.Release|Any CPU.ActiveCfg = Release|Any CPU
		{2D6E26DB-74AC-4B70-AA87-7F46EA8B3F31}.Release|Any CPU.Build.0 = Release|Any CPU
		{AB4AAD9F-0875-4875-B730-51C2013C2697}.Debug|Any CPU.ActiveCfg = Debug|Any CPU
		{AB4AAD9F-0875-4875-B730-51C2013C2697}.Debug|Any CPU.Build.0 = Debug|Any CPU
		{AB4AAD9F-0875-4875-B730-51C2013C2697}.Release|Any CPU.ActiveCfg = Release|Any CPU
		{AB4AAD9F-0875-4875-B730-51C2013C2697}.Release|Any CPU.Build.0 = Release|Any CPU
		{7FDB2933-78EB-423E-8E13-8E03AA5C2E06}.Debug|Any CPU.ActiveCfg = Debug|Any CPU
		{7FDB2933-78EB-423E-8E13-8E03AA5C2E06}.Debug|Any CPU.Build.0 = Debug|Any CPU
		{7FDB2933-78EB-423E-8E13-8E03AA5C2E06}.Release|Any CPU.ActiveCfg = Release|Any CPU
		{7FDB2933-78EB-423E-8E13-8E03AA5C2E06}.Release|Any CPU.Build.0 = Release|Any CPU
		{200F0CBD-32F6-4E58-BB89-61C086AFE9E6}.Debug|Any CPU.ActiveCfg = Debug|Any CPU
		{200F0CBD-32F6-4E58-BB89-61C086AFE9E6}.Debug|Any CPU.Build.0 = Debug|Any CPU
		{200F0CBD-32F6-4E58-BB89-61C086AFE9E6}.Release|Any CPU.ActiveCfg = Release|Any CPU
		{200F0CBD-32F6-4E58-BB89-61C086AFE9E6}.Release|Any CPU.Build.0 = Release|Any CPU
		{C9BC19FE-24B5-46F9-BAE4-AC1FB5BC6D83}.Debug|Any CPU.ActiveCfg = Debug|Any CPU
		{C9BC19FE-24B5-46F9-BAE4-AC1FB5BC6D83}.Debug|Any CPU.Build.0 = Debug|Any CPU
		{C9BC19FE-24B5-46F9-BAE4-AC1FB5BC6D83}.Release|Any CPU.ActiveCfg = Release|Any CPU
		{C9BC19FE-24B5-46F9-BAE4-AC1FB5BC6D83}.Release|Any CPU.Build.0 = Release|Any CPU
	EndGlobalSection
	GlobalSection(SolutionProperties) = preSolution
		HideSolutionNode = FALSE
	EndGlobalSection
	GlobalSection(ExtensibilityGlobals) = postSolution
		SolutionGuid = {596F503A-DDC5-456A-AC12-C43649C3AB76}
	EndGlobalSection
EndGlobal
